
Microsoft Visual Studio Solution File, Format Version 12.00
# Visual Studio Version 16
VisualStudioVersion = 16.0.29025.244
MinimumVisualStudioVersion = 10.0.40219.1
Project("{8BC9CEB8-8B4A-11D0-8D11-00A0C91BC942}") = "DirectXTest", "DirectXTest.vcxproj", "{DEBF38F2-1595-46CA-B53D-BB2A1555A29F}"
EndProject
Global
	GlobalSection(SolutionConfigurationPlatforms) = preSolution
		Debug|x64 = Debug|x64
		Debug|x86 = Debug|x86
		Release|x64 = Release|x64
		Release|x86 = Release|x86
	EndGlobalSection
	GlobalSection(ProjectConfigurationPlatforms) = postSolution
		{DEBF38F2-1595-46CA-B53D-BB2A1555A29F}.Debug|x64.ActiveCfg = Debug|x64
		{DEBF38F2-1595-46CA-B53D-BB2A1555A29F}.Debug|x64.Build.0 = Debug|x64
		{DEBF38F2-1595-46CA-B53D-BB2A1555A29F}.Debug|x86.ActiveCfg = Debug|Win32
		{DEBF38F2-1595-46CA-B53D-BB2A1555A29F}.Debug|x86.Build.0 = Debug|Win32
		{DEBF38F2-1595-46CA-B53D-BB2A1555A29F}.Release|x64.ActiveCfg = Release|x64
		{DEBF38F2-1595-46CA-B53D-BB2A1555A29F}.Release|x64.Build.0 = Release|x64
		{DEBF38F2-1595-46CA-B53D-BB2A1555A29F}.Release|x86.ActiveCfg = Release|Win32
		{DEBF38F2-1595-46CA-B53D-BB2A1555A29F}.Release|x86.Build.0 = Release|Win32
	EndGlobalSection
	GlobalSection(SolutionProperties) = preSolution
		HideSolutionNode = FALSE
	EndGlobalSection
	GlobalSection(ExtensibilityGlobals) = postSolution
		SolutionGuid = {9F3D85EB-0F87-4537-AE68-74F6A4C0CBA7}
	EndGlobalSection
EndGlobal
